
Microsoft Visual Studio Solution File, Format Version 12.00
# Visual Studio Version 17
VisualStudioVersion = 17.8.34408.163
MinimumVisualStudioVersion = 10.0.40219.1
Project("{9A19103F-16F7-4668-BE54-9A1E7A4F7556}") = "Repositories", "Repositories\Repositories.csproj", "{BD69688A-24A5-4993-8386-1E41DD31C859}"
EndProject
Project("{9A19103F-16F7-4668-BE54-9A1E7A4F7556}") = "Handlers", "Handlers\Handlers.csproj", "{31EB455A-2567-4D9B-82C7-FA345DE4FA5E}"
EndProject
Project("{9A19103F-16F7-4668-BE54-9A1E7A4F7556}") = "API", "API\API.csproj", "{A4D1FAEF-80EA-42B2-9A23-8C610790D5E3}"
EndProject
Project("{9A19103F-16F7-4668-BE54-9A1E7A4F7556}") = "IntegrationTests", "IntegrationTests\IntegrationTests.csproj", "{D82B6BE1-6CD1-4E28-A158-8A0A21831867}"
EndProject
Project("{9A19103F-16F7-4668-BE54-9A1E7A4F7556}") = "MockDatabase", "MockDatabase\MockDatabase.csproj", "{223E42D1-0772-4CF1-91B9-F46FD3DFB305}"
EndProject
Project("{9A19103F-16F7-4668-BE54-9A1E7A4F7556}") = "Shared", "Shared\Shared.csproj", "{133ACC19-0615-4783-860E-B97DAF2D0480}"
EndProject
Project("{2150E333-8FDC-42A3-9474-1A3956D46DE8}") = "Solution Items", "Solution Items", "{F962DA89-47B2-4D74-9CFE-B9BAC8C85AF9}"
	ProjectSection(SolutionItems) = preProject
		.editorconfig = .editorconfig
	EndProjectSection
EndProject
Project("{FAE04EC0-301F-11D3-BF4B-00C04F79EFBC}") = "Mock3rdPartyLibrary", "Mock3rdPartyLibrary\Mock3rdPartyLibrary.csproj", "{CBCB964F-538C-4A3E-891E-8110575366C5}"
EndProject
Global
	GlobalSection(SolutionConfigurationPlatforms) = preSolution
		Debug|Any CPU = Debug|Any CPU
		Release|Any CPU = Release|Any CPU
	EndGlobalSection
	GlobalSection(ProjectConfigurationPlatforms) = postSolution
		{BD69688A-24A5-4993-8386-1E41DD31C859}.Debug|Any CPU.ActiveCfg = Debug|Any CPU
		{BD69688A-24A5-4993-8386-1E41DD31C859}.Debug|Any CPU.Build.0 = Debug|Any CPU
		{BD69688A-24A5-4993-8386-1E41DD31C859}.Release|Any CPU.ActiveCfg = Release|Any CPU
		{BD69688A-24A5-4993-8386-1E41DD31C859}.Release|Any CPU.Build.0 = Release|Any CPU
		{31EB455A-2567-4D9B-82C7-FA345DE4FA5E}.Debug|Any CPU.ActiveCfg = Debug|Any CPU
		{31EB455A-2567-4D9B-82C7-FA345DE4FA5E}.Debug|Any CPU.Build.0 = Debug|Any CPU
		{31EB455A-2567-4D9B-82C7-FA345DE4FA5E}.Release|Any CPU.ActiveCfg = Release|Any CPU
		{31EB455A-2567-4D9B-82C7-FA345DE4FA5E}.Release|Any CPU.Build.0 = Release|Any CPU
		{A4D1FAEF-80EA-42B2-9A23-8C610790D5E3}.Debug|Any CPU.ActiveCfg = Debug|Any CPU
		{A4D1FAEF-80EA-42B2-9A23-8C610790D5E3}.Debug|Any CPU.Build.0 = Debug|Any CPU
		{A4D1FAEF-80EA-42B2-9A23-8C610790D5E3}.Release|Any CPU.ActiveCfg = Release|Any CPU
		{A4D1FAEF-80EA-42B2-9A23-8C610790D5E3}.Release|Any CPU.Build.0 = Release|Any CPU
		{D82B6BE1-6CD1-4E28-A158-8A0A21831867}.Debug|Any CPU.ActiveCfg = Debug|Any CPU
		{D82B6BE1-6CD1-4E28-A158-8A0A21831867}.Debug|Any CPU.Build.0 = Debug|Any CPU
		{D82B6BE1-6CD1-4E28-A158-8A0A21831867}.Release|Any CPU.ActiveCfg = Release|Any CPU
		{D82B6BE1-6CD1-4E28-A158-8A0A21831867}.Release|Any CPU.Build.0 = Release|Any CPU
		{223E42D1-0772-4CF1-91B9-F46FD3DFB305}.Debug|Any CPU.ActiveCfg = Debug|Any CPU
		{223E42D1-0772-4CF1-91B9-F46FD3DFB305}.Debug|Any CPU.Build.0 = Debug|Any CPU
		{223E42D1-0772-4CF1-91B9-F46FD3DFB305}.Release|Any CPU.ActiveCfg = Release|Any CPU
		{223E42D1-0772-4CF1-91B9-F46FD3DFB305}.Release|Any CPU.Build.0 = Release|Any CPU
		{133ACC19-0615-4783-860E-B97DAF2D0480}.Debug|Any CPU.ActiveCfg = Debug|Any CPU
		{133ACC19-0615-4783-860E-B97DAF2D0480}.Debug|Any CPU.Build.0 = Debug|Any CPU
		{133ACC19-0615-4783-860E-B97DAF2D0480}.Release|Any CPU.ActiveCfg = Release|Any CPU
		{133ACC19-0615-4783-860E-B97DAF2D0480}.Release|Any CPU.Build.0 = Release|Any CPU
		{CBCB964F-538C-4A3E-891E-8110575366C5}.Debug|Any CPU.ActiveCfg = Debug|Any CPU
		{CBCB964F-538C-4A3E-891E-8110575366C5}.Debug|Any CPU.Build.0 = Debug|Any CPU
		{CBCB964F-538C-4A3E-891E-8110575366C5}.Release|Any CPU.ActiveCfg = Release|Any CPU
		{CBCB964F-538C-4A3E-891E-8110575366C5}.Release|Any CPU.Build.0 = Release|Any CPU
	EndGlobalSection
	GlobalSection(SolutionProperties) = preSolution
		HideSolutionNode = FALSE
	EndGlobalSection
	GlobalSection(ExtensibilityGlobals) = postSolution
		SolutionGuid = {3CDB5C5B-349B-4E69-A92C-24A09D39D451}
	EndGlobalSection
EndGlobal
